{
  "name": "email",
  "version": "0.0.1",
  "lockfileVersion": 3,
  "requires": true,
  "packages": {
    "": {
      "name": "email",
      "version": "0.0.1",
      "dependencies": {
        "@emailjs/nodejs": "^4.0.0"
      }
    },
    "../../node_modules/.pnpm/@emailjs+nodejs@4.1.0/node_modules/@emailjs/nodejs": {
      "version": "4.1.0",
      "license": "BSD-3-Clause",
      "devDependencies": {
        "@types/node": "^22.7.4",
        "@typescript-eslint/eslint-plugin": "^7.18.0",
        "@typescript-eslint/parser": "^7.18.0",
        "eslint": "^8.57.1",
        "eslint-import-resolver-typescript": "^3.6.3",
        "eslint-plugin-import": "^2.30.0",
        "jest": "^29.7.0",
        "prettier": "^3.3.3",
        "ts-jest": "^29.2.5",
        "ts-node": "^10.9.2",
        "typescript": "^5.6.2"
      },
      "engines": {
        "node": ">=14.0.0"
      }
    },
    "node_modules/@emailjs/nodejs": {
      "resolved": "../../node_modules/.pnpm/@emailjs+nodejs@4.1.0/node_modules/@emailjs/nodejs",
      "link": true
    }
  }
}
